
Microsoft Visual Studio Solution File, Format Version 12.00
# Visual Studio 2013
VisualStudioVersion = 12.0.31101.0
MinimumVisualStudioVersion = 10.0.40219.1
Project("{FAE04EC0-301F-11D3-BF4B-00C04F79EFBC}") = "MpiSyncManager", "MpiSyncManager\MpiSyncManager.csproj", "{CD1326BF-4CF6-446E-BB0A-538555DE3521}"
EndProject
Project("{FAE04EC0-301F-11D3-BF4B-00C04F79EFBC}") = "Temiang.Avicenna.BusinessObject", "Temiang.Avicenna.BusinessObject\Temiang.Avicenna.BusinessObject.csproj", "{D2FEFF2E-EADA-40DD-AA38-8F426F143E08}"
EndProject
Project("{FAE04EC0-301F-11D3-BF4B-00C04F79EFBC}") = "Temiang.Avicenna.Common", "Temiang.Avicenna.Common\Temiang.Avicenna.Common.csproj", "{3C6A82CA-1F27-4CC6-A350-C74C1BCCB155}"
EndProject
Project("{FAE04EC0-301F-11D3-BF4B-00C04F79EFBC}") = "MutexManager", "MutexManager\MutexManager.csproj", "{D7769AF1-1E02-4D79-AAA4-020F413C0AE9}"
EndProject
Global
	GlobalSection(SolutionConfigurationPlatforms) = preSolution
		Debug|Any CPU = Debug|Any CPU
		Debug|Mixed Platforms = Debug|Mixed Platforms
		Debug|x86 = Debug|x86
		Release|Any CPU = Release|Any CPU
		Release|Mixed Platforms = Release|Mixed Platforms
		Release|x86 = Release|x86
	EndGlobalSection
	GlobalSection(ProjectConfigurationPlatforms) = postSolution
		{CD1326BF-4CF6-446E-BB0A-538555DE3521}.Debug|Any CPU.ActiveCfg = Debug|x86
		{CD1326BF-4CF6-446E-BB0A-538555DE3521}.Debug|Mixed Platforms.ActiveCfg = Debug|x86
		{CD1326BF-4CF6-446E-BB0A-538555DE3521}.Debug|Mixed Platforms.Build.0 = Debug|x86
		{CD1326BF-4CF6-446E-BB0A-538555DE3521}.Debug|x86.ActiveCfg = Debug|x86
		{CD1326BF-4CF6-446E-BB0A-538555DE3521}.Debug|x86.Build.0 = Debug|x86
		{CD1326BF-4CF6-446E-BB0A-538555DE3521}.Release|Any CPU.ActiveCfg = Release|x86
		{CD1326BF-4CF6-446E-BB0A-538555DE3521}.Release|Mixed Platforms.ActiveCfg = Release|x86
		{CD1326BF-4CF6-446E-BB0A-538555DE3521}.Release|Mixed Platforms.Build.0 = Release|x86
		{CD1326BF-4CF6-446E-BB0A-538555DE3521}.Release|x86.ActiveCfg = Release|x86
		{CD1326BF-4CF6-446E-BB0A-538555DE3521}.Release|x86.Build.0 = Release|x86
		{D2FEFF2E-EADA-40DD-AA38-8F426F143E08}.Debug|Any CPU.ActiveCfg = Debug|Any CPU
		{D2FEFF2E-EADA-40DD-AA38-8F426F143E08}.Debug|Any CPU.Build.0 = Debug|Any CPU
		{D2FEFF2E-EADA-40DD-AA38-8F426F143E08}.Debug|Mixed Platforms.ActiveCfg = Debug|Any CPU
		{D2FEFF2E-EADA-40DD-AA38-8F426F143E08}.Debug|Mixed Platforms.Build.0 = Debug|Any CPU
		{D2FEFF2E-EADA-40DD-AA38-8F426F143E08}.Debug|x86.ActiveCfg = Debug|Any CPU
		{D2FEFF2E-EADA-40DD-AA38-8F426F143E08}.Release|Any CPU.ActiveCfg = Release|Any CPU
		{D2FEFF2E-EADA-40DD-AA38-8F426F143E08}.Release|Any CPU.Build.0 = Release|Any CPU
		{D2FEFF2E-EADA-40DD-AA38-8F426F143E08}.Release|Mixed Platforms.ActiveCfg = Release|Any CPU
		{D2FEFF2E-EADA-40DD-AA38-8F426F143E08}.Release|Mixed Platforms.Build.0 = Release|Any CPU
		{D2FEFF2E-EADA-40DD-AA38-8F426F143E08}.Release|x86.ActiveCfg = Release|Any CPU
		{3C6A82CA-1F27-4CC6-A350-C74C1BCCB155}.Debug|Any CPU.ActiveCfg = Debug|Any CPU
		{3C6A82CA-1F27-4CC6-A350-C74C1BCCB155}.Debug|Any CPU.Build.0 = Debug|Any CPU
		{3C6A82CA-1F27-4CC6-A350-C74C1BCCB155}.Debug|Mixed Platforms.ActiveCfg = Debug|Any CPU
		{3C6A82CA-1F27-4CC6-A350-C74C1BCCB155}.Debug|Mixed Platforms.Build.0 = Debug|Any CPU
		{3C6A82CA-1F27-4CC6-A350-C74C1BCCB155}.Debug|x86.ActiveCfg = Debug|Any CPU
		{3C6A82CA-1F27-4CC6-A350-C74C1BCCB155}.Release|Any CPU.ActiveCfg = Release|Any CPU
		{3C6A82CA-1F27-4CC6-A350-C74C1BCCB155}.Release|Any CPU.Build.0 = Release|Any CPU
		{3C6A82CA-1F27-4CC6-A350-C74C1BCCB155}.Release|Mixed Platforms.ActiveCfg = Release|Any CPU
		{3C6A82CA-1F27-4CC6-A350-C74C1BCCB155}.Release|Mixed Platforms.Build.0 = Release|Any CPU
		{3C6A82CA-1F27-4CC6-A350-C74C1BCCB155}.Release|x86.ActiveCfg = Release|Any CPU
		{D7769AF1-1E02-4D79-AAA4-020F413C0AE9}.Debug|Any CPU.ActiveCfg = Debug|Any CPU
		{D7769AF1-1E02-4D79-AAA4-020F413C0AE9}.Debug|Any CPU.Build.0 = Debug|Any CPU
		{D7769AF1-1E02-4D79-AAA4-020F413C0AE9}.Debug|Mixed Platforms.ActiveCfg = Debug|Any CPU
		{D7769AF1-1E02-4D79-AAA4-020F413C0AE9}.Debug|Mixed Platforms.Build.0 = Debug|Any CPU
		{D7769AF1-1E02-4D79-AAA4-020F413C0AE9}.Debug|x86.ActiveCfg = Debug|Any CPU
		{D7769AF1-1E02-4D79-AAA4-020F413C0AE9}.Release|Any CPU.ActiveCfg = Release|Any CPU
		{D7769AF1-1E02-4D79-AAA4-020F413C0AE9}.Release|Any CPU.Build.0 = Release|Any CPU
		{D7769AF1-1E02-4D79-AAA4-020F413C0AE9}.Release|Mixed Platforms.ActiveCfg = Release|Any CPU
		{D7769AF1-1E02-4D79-AAA4-020F413C0AE9}.Release|Mixed Platforms.Build.0 = Release|Any CPU
		{D7769AF1-1E02-4D79-AAA4-020F413C0AE9}.Release|x86.ActiveCfg = Release|Any CPU
	EndGlobalSection
	GlobalSection(SolutionProperties) = preSolution
		HideSolutionNode = FALSE
	EndGlobalSection
EndGlobal
